// !$*UTF8*$!
{
	archiveVersion = 1;
	classes = {
	};
	objectVersion = 50;
	objects = {

/* Begin PBXBuildFile section */
		5BF15E38248205300049422F /* AppDelegate.swift in Sources */ = {isa = PBXBuildFile; fileRef = 5BF15E37248205300049422F /* AppDelegate.swift */; };
		5BF15E3A248205300049422F /* ContentView.swift in Sources */ = {isa = PBXBuildFile; fileRef = 5BF15E39248205300049422F /* ContentView.swift */; };
		5BF15E3C248205320049422F /* Assets.xcassets in Resources */ = {isa = PBXBuildFile; fileRef = 5BF15E3B248205320049422F /* Assets.xcassets */; };
		5BF15E3F248205320049422F /* Preview Assets.xcassets in Resources */ = {isa = PBXBuildFile; fileRef = 5BF15E3E248205320049422F /* Preview Assets.xcassets */; };
		5BF15E42248205320049422F /* Main.storyboard in Resources */ = {isa = PBXBuildFile; fileRef = 5BF15E40248205320049422F /* Main.storyboard */; };
		5BF15E4E248205320049422F /* C_homeworkTests.swift in Sources */ = {isa = PBXBuildFile; fileRef = 5BF15E4D248205320049422F /* C_homeworkTests.swift */; };
		5BF15E59248205320049422F /* C_homeworkUITests.swift in Sources */ = {isa = PBXBuildFile; fileRef = 5BF15E58248205320049422F /* C_homeworkUITests.swift */; };
/* End PBXBuildFile section */

/* Begin PBXContainerItemProxy section */
		5BF15E4A248205320049422F /* PBXContainerItemProxy */ = {
			isa = PBXContainerItemProxy;
			containerPortal = 5BF15E2C248205300049422F /* Project object */;
			proxyType = 1;
			remoteGlobalIDString = 5BF15E33248205300049422F;
			remoteInfo = "C homework";
		};
		5BF15E55248205320049422F /* PBXContainerItemProxy */ = {
			isa = PBXContainerItemProxy;
			containerPortal = 5BF15E2C248205300049422F /* Project object */;
			proxyType = 1;
			remoteGlobalIDString = 5BF15E33248205300049422F;
			remoteInfo = "C homework";
		};
/* End PBXContainerItemProxy section */

/* Begin PBXFileReference section */
		5BF15E34248205300049422F /* C homework.app */ = {isa = PBXFileReference; explicitFileType = wrapper.application; includeInIndex = 0; path = "C homework.app"; sourceTree = BUILT_PRODUCTS_DIR; };
		5BF15E37248205300049422F /* AppDelegate.swift */ = {isa = PBXFileReference; lastKnownFileType = sourcecode.swift; path = AppDelegate.swift; sourceTree = "<group>"; };
		5BF15E39248205300049422F /* ContentView.swift */ = {isa = PBXFileReference; lastKnownFileType = sourcecode.swift; path = ContentView.swift; sourceTree = "<group>"; };
		5BF15E3B248205320049422F /* Assets.xcassets */ = {isa = PBXFileReference; lastKnownFileType = folder.assetcatalog; path = Assets.xcassets; sourceTree = "<group>"; };
		5BF15E3E248205320049422F /* Preview Assets.xcassets */ = {isa = PBXFileReference; lastKnownFileType = folder.assetcatalog; path = "Preview Assets.xcassets"; sourceTree = "<group>"; };
		5BF15E41248205320049422F /* Base */ = {isa = PBXFileReference; lastKnownFileType = file.storyboard; name = Base; path = Base.lproj/Main.storyboard; sourceTree = "<group>"; };
		5BF15E43248205320049422F /* Info.plist */ = {isa = PBXFileReference; lastKnownFileType = text.plist.xml; path = Info.plist; sourceTree = "<group>"; };
		5BF15E44248205320049422F /* C_homework.entitlements */ = {isa = PBXFileReference; lastKnownFileType = text.plist.entitlements; path = C_homework.entitlements; sourceTree = "<group>"; };
		5BF15E49248205320049422F /* C homeworkTests.xctest */ = {isa = PBXFileReference; explicitFileType = wrapper.cfbundle; includeInIndex = 0; path = "C homeworkTests.xctest"; sourceTree = BUILT_PRODUCTS_DIR; };
		5BF15E4D248205320049422F /* C_homeworkTests.swift */ = {isa = PBXFileReference; lastKnownFileType = sourcecode.swift; path = C_homeworkTests.swift; sourceTree = "<group>"; };
		5BF15E4F248205320049422F /* Info.plist */ = {isa = PBXFileReference; lastKnownFileType = text.plist.xml; path = Info.plist; sourceTree = "<group>"; };
		5BF15E54248205320049422F /* C homeworkUITests.xctest */ = {isa = PBXFileReference; explicitFileType = wrapper.cfbundle; includeInIndex = 0; path = "C homeworkUITests.xctest"; sourceTree = BUILT_PRODUCTS_DIR; };
		5BF15E58248205320049422F /* C_homeworkUITests.swift */ = {isa = PBXFileReference; lastKnownFileType = sourcecode.swift; path = C_homeworkUITests.swift; sourceTree = "<group>"; };
		5BF15E5A248205320049422F /* Info.plist */ = {isa = PBXFileReference; lastKnownFileType = text.plist.xml; path = Info.plist; sourceTree = "<group>"; };
/* End PBXFileReference section */

/* Begin PBXFrameworksBuildPhase section */
		5BF15E31248205300049422F /* Frameworks */ = {
			isa = PBXFrameworksBuildPhase;
			buildActionMask = 2147483647;
			files = (
			);
			runOnlyForDeploymentPostprocessing = 0;
		};
		5BF15E46248205320049422F /* Frameworks */ = {
			isa = PBXFrameworksBuildPhase;
			buildActionMask = 2147483647;
			files = (
			);
			runOnlyForDeploymentPostprocessing = 0;
		};
		5BF15E51248205320049422F /* Frameworks */ = {
			isa = PBXFrameworksBuildPhase;
			buildActionMask = 2147483647;
			files = (
			);
			runOnlyForDeploymentPostprocessing = 0;
		};
/* End PBXFrameworksBuildPhase section */

/* Begin PBXGroup section */
		5BF15E2B248205300049422F = {
			isa = PBXGroup;
			children = (
				5BF15E36248205300049422F /* C homework */,
				5BF15E4C248205320049422F /* C homeworkTests */,
				5BF15E57248205320049422F /* C homeworkUITests */,
				5BF15E35248205300049422F /* Products */,
			);
			sourceTree = "<group>";
		};
		5BF15E35248205300049422F /* Products */ = {
			isa = PBXGroup;
			children = (
				5BF15E34248205300049422F /* C homework.app */,
				5BF15E49248205320049422F /* C homeworkTests.xctest */,
				5BF15E54248205320049422F /* C homeworkUITests.xctest */,
			);
			name = Products;
			sourceTree = "<group>";
		};
		5BF15E36248205300049422F /* C homework */ = {
			isa = PBXGroup;
			children = (
				5BF15E37248205300049422F /* AppDelegate.swift */,
				5BF15E39248205300049422F /* ContentView.swift */,
				5BF15E3B248205320049422F /* Assets.xcassets */,
				5BF15E40248205320049422F /* Main.storyboard */,
				5BF15E43248205320049422F /* Info.plist */,
				5BF15E44248205320049422F /* C_homework.entitlements */,
				5BF15E3D248205320049422F /* Preview Content */,
			);
			path = "C homework";
			sourceTree = "<group>";
		};
		5BF15E3D248205320049422F /* Preview Content */ = {
			isa = PBXGroup;
			children = (
				5BF15E3E248205320049422F /* Preview Assets.xcassets */,
			);
			path = "Preview Content";
			sourceTree = "<group>";
		};
		5BF15E4C248205320049422F /* C homeworkTests */ = {
			isa = PBXGroup;
			children = (
				5BF15E4D248205320049422F /* C_homeworkTests.swift */,
				5BF15E4F248205320049422F /* Info.plist */,
			);
			path = "C homeworkTests";
			sourceTree = "<group>";
		};
		5BF15E57248205320049422F /* C homeworkUITests */ = {
			isa = PBXGroup;
			children = (
				5BF15E58248205320049422F /* C_homeworkUITests.swift */,
				5BF15E5A248205320049422F /* Info.plist */,
			);
			path = "C homeworkUITests";
			sourceTree = "<group>";
		};
/* End PBXGroup section */

/* Begin PBXNativeTarget section */
		5BF15E33248205300049422F /* C homework */ = {
			isa = PBXNativeTarget;
			buildConfigurationList = 5BF15E5D248205320049422F /* Build configuration list for PBXNativeTarget "C homework" */;
			buildPhases = (
				5BF15E30248205300049422F /* Sources */,
				5BF15E31248205300049422F /* Frameworks */,
				5BF15E32248205300049422F /* Resources */,
			);
			buildRules = (
			);
			dependencies = (
			);
			name = "C homework";
			productName = "C homework";
			productReference = 5BF15E34248205300049422F /* C homework.app */;
			productType = "com.apple.product-type.application";
		};
		5BF15E48248205320049422F /* C homeworkTests */ = {
			isa = PBXNativeTarget;
			buildConfigurationList = 5BF15E60248205320049422F /* Build configuration list for PBXNativeTarget "C homeworkTests" */;
			buildPhases = (
				5BF15E45248205320049422F /* Sources */,
				5BF15E46248205320049422F /* Frameworks */,
				5BF15E47248205320049422F /* Resources */,
			);
			buildRules = (
			);
			dependencies = (
				5BF15E4B248205320049422F /* PBXTargetDependency */,
			);
			name = "C homeworkTests";
			productName = "C homeworkTests";
			productReference = 5BF15E49248205320049422F /* C homeworkTests.xctest */;
			productType = "com.apple.product-type.bundle.unit-test";
		};
		5BF15E53248205320049422F /* C homeworkUITests */ = {
			isa = PBXNativeTarget;
			buildConfigurationList = 5BF15E63248205320049422F /* Build configuration list for PBXNativeTarget "C homeworkUITests" */;
			buildPhases = (
				5BF15E50248205320049422F /* Sources */,
				5BF15E51248205320049422F /* Frameworks */,
				5BF15E52248205320049422F /* Resources */,
			);
			buildRules = (
			);
			dependencies = (
				5BF15E56248205320049422F /* PBXTargetDependency */,
			);
			name = "C homeworkUITests";
			productName = "C homeworkUITests";
			productReference = 5BF15E54248205320049422F /* C homeworkUITests.xctest */;
			productType = "com.apple.product-type.bundle.ui-testing";
		};
/* End PBXNativeTarget section */

/* Begin PBXProject section */
		5BF15E2C248205300049422F /* Project object */ = {
			isa = PBXProject;
			attributes = {
				LastSwiftUpdateCheck = 1140;
				LastUpgradeCheck = 1140;
				ORGANIZATIONNAME = "cherry-lily";
				TargetAttributes = {
					5BF15E33248205300049422F = {
						CreatedOnToolsVersion = 11.4.1;
					};
					5BF15E48248205320049422F = {
						CreatedOnToolsVersion = 11.4.1;
						TestTargetID = 5BF15E33248205300049422F;
					};
					5BF15E53248205320049422F = {
						CreatedOnToolsVersion = 11.4.1;
						TestTargetID = 5BF15E33248205300049422F;
					};
				};
			};
			buildConfigurationList = 5BF15E2F248205300049422F /* Build configuration list for PBXProject "C homework" */;
			compatibilityVersion = "Xcode 9.3";
			developmentRegion = en;
			hasScannedForEncodings = 0;
			knownRegions = (
				en,
				Base,
			);
			mainGroup = 5BF15E2B248205300049422F;
			productRefGroup = 5BF15E35248205300049422F /* Products */;
			projectDirPath = "";
			projectRoot = "";
			targets = (
				5BF15E33248205300049422F /* C homework */,
				5BF15E48248205320049422F /* C homeworkTests */,
				5BF15E53248205320049422F /* C homeworkUITests */,
			);
		};
/* End PBXProject section */

/* Begin PBXResourcesBuildPhase section */
		5BF15E32248205300049422F /* Resources */ = {
			isa = PBXResourcesBuildPhase;
			buildActionMask = 2147483647;
			files = (
				5BF15E42248205320049422F /* Main.storyboard in Resources */,
				5BF15E3F248205320049422F /* Preview Assets.xcassets in Resources */,
				5BF15E3C248205320049422F /* Assets.xcassets in Resources */,
			);
			runOnlyForDeploymentPostprocessing = 0;
		};
		5BF15E47248205320049422F /* Resources */ = {
			isa = PBXResourcesBuildPhase;
			buildActionMask = 2147483647;
			files = (
			);
			runOnlyForDeploymentPostprocessing = 0;
		};
		5BF15E52248205320049422F /* Resources */ = {
			isa = PBXResourcesBuildPhase;
			buildActionMask = 2147483647;
			files = (
			);
			runOnlyForDeploymentPostprocessing = 0;
		};
/* End PBXResourcesBuildPhase section */

/* Begin PBXSourcesBuildPhase section */
		5BF15E30248205300049422F /* Sources */ = {
			isa = PBXSourcesBuildPhase;
			buildActionMask = 2147483647;
			files = (
				5BF15E3A248205300049422F /* ContentView.swift in Sources */,
				5BF15E38248205300049422F /* AppDelegate.swift in Sources */,
			);
			runOnlyForDeploymentPostprocessing = 0;
		};
		5BF15E45248205320049422F /* Sources */ = {
			isa = PBXSourcesBuildPhase;
			buildActionMask = 2147483647;
			files = (
				5BF15E4E248205320049422F /* C_homeworkTests.swift in Sources */,
			);
			runOnlyForDeploymentPostprocessing = 0;
		};
		5BF15E50248205320049422F /* Sources */ = {
			isa = PBXSourcesBuildPhase;
			buildActionMask = 2147483647;
			files = (
				5BF15E59248205320049422F /* C_homeworkUITests.swift in Sources */,
			);
			runOnlyForDeploymentPostprocessing = 0;
		};
/* End PBXSourcesBuildPhase section */

/* Begin PBXTargetDependency section */
		5BF15E4B248205320049422F /* PBXTargetDependency */ = {
			isa = PBXTargetDependency;
			target = 5BF15E33248205300049422F /* C homework */;
			targetProxy = 5BF15E4A248205320049422F /* PBXContainerItemProxy */;
		};
		5BF15E56248205320049422F /* PBXTargetDependency */ = {
			isa = PBXTargetDependency;
			target = 5BF15E33248205300049422F /* C homework */;
			targetProxy = 5BF15E55248205320049422F /* PBXContainerItemProxy */;
		};
/* End PBXTargetDependency section */

/* Begin PBXVariantGroup section */
		5BF15E40248205320049422F /* Main.storyboard */ = {
			isa = PBXVariantGroup;
			children = (
				5BF15E41248205320049422F /* Base */,
			);
			name = Main.storyboard;
			sourceTree = "<group>";
		};
/* End PBXVariantGroup section */

/* Begin XCBuildConfiguration section */
		5BF15E5B248205320049422F /* Debug */ = {
			isa = XCBuildConfiguration;
			buildSettings = {
				ALWAYS_SEARCH_USER_PATHS = NO;
				CLANG_ANALYZER_NONNULL = YES;
				CLANG_ANALYZER_NUMBER_OBJECT_CONVERSION = YES_AGGRESSIVE;
				CLANG_CXX_LANGUAGE_STANDARD = "gnu++14";
				CLANG_CXX_LIBRARY = "libc++";
				CLANG_ENABLE_MODULES = YES;
				CLANG_ENABLE_OBJC_ARC = YES;
				CLANG_ENABLE_OBJC_WEAK = YES;
				CLANG_WARN_BLOCK_CAPTURE_AUTORELEASING = YES;
				CLANG_WARN_BOOL_CONVERSION = YES;
				CLANG_WARN_COMMA = YES;
				CLANG_WARN_CONSTANT_CONVERSION = YES;
				CLANG_WARN_DEPRECATED_OBJC_IMPLEMENTATIONS = YES;
				CLANG_WARN_DIRECT_OBJC_ISA_USAGE = YES_ERROR;
				CLANG_WARN_DOCUMENTATION_COMMENTS = YES;
				CLANG_WARN_EMPTY_BODY = YES;
				CLANG_WARN_ENUM_CONVERSION = YES;
				CLANG_WARN_INFINITE_RECURSION = YES;
				CLANG_WARN_INT_CONVERSION = YES;
				CLANG_WARN_NON_LITERAL_NULL_CONVERSION = YES;
				CLANG_WARN_OBJC_IMPLICIT_RETAIN_SELF = YES;
				CLANG_WARN_OBJC_LITERAL_CONVERSION = YES;
				CLANG_WARN_OBJC_ROOT_CLASS = YES_ERROR;
				CLANG_WARN_RANGE_LOOP_ANALYSIS = YES;
				CLANG_WARN_STRICT_PROTOTYPES = YES;
				CLANG_WARN_SUSPICIOUS_MOVE = YES;
				CLANG_WARN_UNGUARDED_AVAILABILITY = YES_AGGRESSIVE;
				CLANG_WARN_UNREACHABLE_CODE = YES;
				CLANG_WARN__DUPLICATE_METHOD_MATCH = YES;
				COPY_PHASE_STRIP = NO;
				DEBUG_INFORMATION_FORMAT = dwarf;
				ENABLE_STRICT_OBJC_MSGSEND = YES;
				ENABLE_TESTABILITY = YES;
				GCC_C_LANGUAGE_STANDARD = gnu11;
				GCC_DYNAMIC_NO_PIC = NO;
				GCC_NO_COMMON_BLOCKS = YES;
				GCC_OPTIMIZATION_LEVEL = 0;
				GCC_PREPROCESSOR_DEFINITIONS = (
					"DEBUG=1",
					"$(inherited)",
				);
				GCC_WARN_64_TO_32_BIT_CONVERSION = YES;
				GCC_WARN_ABOUT_RETURN_TYPE = YES_ERROR;
				GCC_WARN_UNDECLARED_SELECTOR = YES;
				GCC_WARN_UNINITIALIZED_AUTOS = YES_AGGRESSIVE;
				GCC_WARN_UNUSED_FUNCTION = YES;
				GCC_WARN_UNUSED_VARIABLE = YES;
				MACOSX_DEPLOYMENT_TARGET = 10.15;
				MTL_ENABLE_DEBUG_INFO = INCLUDE_SOURCE;
				MTL_FAST_MATH = YES;
				ONLY_ACTIVE_ARCH = YES;
				SDKROOT = macosx;
				SWIFT_ACTIVE_COMPILATION_CONDITIONS = DEBUG;
				SWIFT_OPTIMIZATION_LEVEL = "-Onone";
			};
			name = Debug;
		};
		5BF15E5C248205320049422F /* Release */ = {
			isa = XCBuildConfiguration;
			buildSettings = {
				ALWAYS_SEARCH_USER_PATHS = NO;
				CLANG_ANALYZER_NONNULL = YES;
				CLANG_ANALYZER_NUMBER_OBJECT_CONVERSION = YES_AGGRESSIVE;
				CLANG_CXX_LANGUAGE_STANDARD = "gnu++14";
				CLANG_CXX_LIBRARY = "libc++";
				CLANG_ENABLE_MODULES = YES;
				CLANG_ENABLE_OBJC_ARC = YES;
				CLANG_ENABLE_OBJC_WEAK = YES;
				CLANG_WARN_BLOCK_CAPTURE_AUTORELEASING = YES;
				CLANG_WARN_BOOL_CONVERSION = YES;
				CLANG_WARN_COMMA = YES;
				CLANG_WARN_CONSTANT_CONVERSION = YES;
				CLANG_WARN_DEPRECATED_OBJC_IMPLEMENTATIONS = YES;
				CLANG_WARN_DIRECT_OBJC_ISA_USAGE = YES_ERROR;
				CLANG_WARN_DOCUMENTATION_COMMENTS = YES;
				CLANG_WARN_EMPTY_BODY = YES;
				CLANG_WARN_ENUM_CONVERSION = YES;
				CLANG_WARN_INFINITE_RECURSION = YES;
				CLANG_WARN_INT_CONVERSION = YES;
				CLANG_WARN_NON_LITERAL_NULL_CONVERSION = YES;
				CLANG_WARN_OBJC_IMPLICIT_RETAIN_SELF = YES;
				CLANG_WARN_OBJC_LITERAL_CONVERSION = YES;
				CLANG_WARN_OBJC_ROOT_CLASS = YES_ERROR;
				CLANG_WARN_RANGE_LOOP_ANALYSIS = YES;
				CLANG_WARN_STRICT_PROTOTYPES = YES;
				CLANG_WARN_SUSPICIOUS_MOVE = YES;
				CLANG_WARN_UNGUARDED_AVAILABILITY = YES_AGGRESSIVE;
				CLANG_WARN_UNREACHABLE_CODE = YES;
				CLANG_WARN__DUPLICATE_METHOD_MATCH = YES;
				COPY_PHASE_STRIP = NO;
				DEBUG_INFORMATION_FORMAT = "dwarf-with-dsym";
				ENABLE_NS_ASSERTIONS = NO;
				ENABLE_STRICT_OBJC_MSGSEND = YES;
				GCC_C_LANGUAGE_STANDARD = gnu11;
				GCC_NO_COMMON_BLOCKS = YES;
				GCC_WARN_64_TO_32_BIT_CONVERSION = YES;
				GCC_WARN_ABOUT_RETURN_TYPE = YES_ERROR;
				GCC_WARN_UNDECLARED_SELECTOR = YES;
				GCC_WARN_UNINITIALIZED_AUTOS = YES_AGGRESSIVE;
				GCC_WARN_UNUSED_FUNCTION = YES;
				GCC_WARN_UNUSED_VARIABLE = YES;
				MACOSX_DEPLOYMENT_TARGET = 10.15;
				MTL_ENABLE_DEBUG_INFO = NO;
				MTL_FAST_MATH = YES;
				SDKROOT = macosx;
				SWIFT_COMPILATION_MODE = wholemodule;
				SWIFT_OPTIMIZATION_LEVEL = "-O";
			};
			name = Release;
		};
		5BF15E5E248205320049422F /* Debug */ = {
			isa = XCBuildConfiguration;
			buildSettings = {
				ASSETCATALOG_COMPILER_APPICON_NAME = AppIcon;
				CODE_SIGN_ENTITLEMENTS = "C homework/C_homework.entitlements";
				CODE_SIGN_STYLE = Automatic;
				COMBINE_HIDPI_IMAGES = YES;
				DEVELOPMENT_ASSET_PATHS = "\"C homework/Preview Content\"";
				ENABLE_PREVIEWS = YES;
				INFOPLIST_FILE = "C homework/Info.plist";
				LD_RUNPATH_SEARCH_PATHS = (
					"$(inherited)",
					"@executable_path/../Frameworks",
				);
				MACOSX_DEPLOYMENT_TARGET = 10.15;
				PRODUCT_BUNDLE_IDENTIFIER = "zhu.C-homework";
				PRODUCT_NAME = "$(TARGET_NAME)";
				SWIFT_VERSION = 5.0;
			};
			name = Debug;
		};
		5BF15E5F248205320049422F /* Release */ = {
			isa = XCBuildConfiguration;
			buildSettings = {
				ASSETCATALOG_COMPILER_APPICON_NAME = AppIcon;
				CODE_SIGN_ENTITLEMENTS = "C homework/C_homework.entitlements";
				CODE_SIGN_STYLE = Automatic;
				COMBINE_HIDPI_IMAGES = YES;
				DEVELOPMENT_ASSET_PATHS = "\"C homework/Preview Content\"";
				ENABLE_PREVIEWS = YES;
				INFOPLIST_FILE = "C homework/Info.plist";
				LD_RUNPATH_SEARCH_PATHS = (
					"$(inherited)",
					"@executable_path/../Frameworks",
				);
				MACOSX_DEPLOYMENT_TARGET = 10.15;
				PRODUCT_BUNDLE_IDENTIFIER = "zhu.C-homework";
				PRODUCT_NAME = "$(TARGET_NAME)";
				SWIFT_VERSION = 5.0;
			};
			name = Release;
		};
		5BF15E61248205320049422F /* Debug */ = {
			isa = XCBuildConfiguration;
			buildSettings = {
				ALWAYS_EMBED_SWIFT_STANDARD_LIBRARIES = YES;
				BUNDLE_LOADER = "$(TEST_HOST)";
				CODE_SIGN_STYLE = Automatic;
				COMBINE_HIDPI_IMAGES = YES;
				INFOPLIST_FILE = "C homeworkTests/Info.plist";
				LD_RUNPATH_SEARCH_PATHS = (
					"$(inherited)",
					"@executable_path/../Frameworks",
					"@loader_path/../Frameworks",
				);
				MACOSX_DEPLOYMENT_TARGET = 10.15;
				PRODUCT_BUNDLE_IDENTIFIER = "zhu.C-homeworkTests";
				PRODUCT_NAME = "$(TARGET_NAME)";
				SWIFT_VERSION = 5.0;
				TEST_HOST = "$(BUILT_PRODUCTS_DIR)/C homework.app/Contents/MacOS/C homework";
			};
			name = Debug;
		};
		5BF15E62248205320049422F /* Release */ = {
			isa = XCBuildConfiguration;
			buildSettings = {
				ALWAYS_EMBED_SWIFT_STANDARD_LIBRARIES = YES;
				BUNDLE_LOADER = "$(TEST_HOST)";
				CODE_SIGN_STYLE = Automatic;
				COMBINE_HIDPI_IMAGES = YES;
				INFOPLIST_FILE = "C homeworkTests/Info.plist";
				LD_RUNPATH_SEARCH_PATHS = (
					"$(inherited)",
					"@executable_path/../Frameworks",
					"@loader_path/../Frameworks",
				);
				MACOSX_DEPLOYMENT_TARGET = 10.15;
				PRODUCT_BUNDLE_IDENTIFIER = "zhu.C-homeworkTests";
				PRODUCT_NAME = "$(TARGET_NAME)";
				SWIFT_VERSION = 5.0;
				TEST_HOST = "$(BUILT_PRODUCTS_DIR)/C homework.app/Contents/MacOS/C homework";
			};
			name = Release;
		};
		5BF15E64248205320049422F /* Debug */ = {
			isa = XCBuildConfiguration;
			buildSettings = {
				ALWAYS_EMBED_SWIFT_STANDARD_LIBRARIES = YES;
				CODE_SIGN_STYLE = Automatic;
				COMBINE_HIDPI_IMAGES = YES;
				INFOPLIST_FILE = "C homeworkUITests/Info.plist";
				LD_RUNPATH_SEARCH_PATHS = (
					"$(inherited)",
					"@executable_path/../Frameworks",
					"@loader_path/../Frameworks",
				);
				PRODUCT_BUNDLE_IDENTIFIER = "zhu.C-homeworkUITests";
				PRODUCT_NAME = "$(TARGET_NAME)";
				SWIFT_VERSION = 5.0;
				TEST_TARGET_NAME = "C homework";
			};
			name = Debug;
		};
		5BF15E65248205320049422F /* Release */ = {
			isa = XCBuildConfiguration;
			buildSettings = {
				ALWAYS_EMBED_SWIFT_STANDARD_LIBRARIES = YES;
				CODE_SIGN_STYLE = Automatic;
				COMBINE_HIDPI_IMAGES = YES;
				INFOPLIST_FILE = "C homeworkUITests/Info.plist";
				LD_RUNPATH_SEARCH_PATHS = (
					"$(inherited)",
					"@executable_path/../Frameworks",
					"@loader_path/../Frameworks",
				);
				PRODUCT_BUNDLE_IDENTIFIER = "zhu.C-homeworkUITests";
				PRODUCT_NAME = "$(TARGET_NAME)";
				SWIFT_VERSION = 5.0;
				TEST_TARGET_NAME = "C homework";
			};
			name = Release;
		};
/* End XCBuildConfiguration section */

/* Begin XCConfigurationList section */
		5BF15E2F248205300049422F /* Build configuration list for PBXProject "C homework" */ = {
			isa = XCConfigurationList;
			buildConfigurations = (
				5BF15E5B248205320049422F /* Debug */,
				5BF15E5C248205320049422F /* Release */,
			);
			defaultConfigurationIsVisible = 0;
			defaultConfigurationName = Release;
		};
		5BF15E5D248205320049422F /* Build configuration list for PBXNativeTarget "C homework" */ = {
			isa = XCConfigurationList;
			buildConfigurations = (
				5BF15E5E248205320049422F /* Debug */,
				5BF15E5F248205320049422F /* Release */,
			);
			defaultConfigurationIsVisible = 0;
			defaultConfigurationName = Release;
		};
		5BF15E60248205320049422F /* Build configuration list for PBXNativeTarget "C homeworkTests" */ = {
			isa = XCConfigurationList;
			buildConfigurations = (
				5BF15E61248205320049422F /* Debug */,
				5BF15E62248205320049422F /* Release */,
			);
			defaultConfigurationIsVisible = 0;
			defaultConfigurationName = Release;
		};
		5BF15E63248205320049422F /* Build configuration list for PBXNativeTarget "C homeworkUITests" */ = {
			isa = XCConfigurationList;
			buildConfigurations = (
				5BF15E64248205320049422F /* Debug */,
				5BF15E65248205320049422F /* Release */,
			);
			defaultConfigurationIsVisible = 0;
			defaultConfigurationName = Release;
		};
/* End XCConfigurationList section */
	};
	rootObject = 5BF15E2C248205300049422F /* Project object */;
}
